
Microsoft Visual Studio Solution File, Format Version 12.00
# Visual Studio Version 17
VisualStudioVersion = 17.14.37012.4 d17.14
MinimumVisualStudioVersion = 10.0.40219.1
Project("{FAE04EC0-301F-11D3-BF4B-00C04F79EFBC}") = "JAT", "JAT\JAT.csproj", "{5924518F-BDCD-4A9B-8279-B901F8348420}"
EndProject
Global
	GlobalSection(SolutionConfigurationPlatforms) = preSolution
		Debug|Any CPU = Debug|Any CPU
		Release|Any CPU = Release|Any CPU
	EndGlobalSection
	GlobalSection(ProjectConfigurationPlatforms) = postSolution
		{5924518F-BDCD-4A9B-8279-B901F8348420}.Debug|Any CPU.ActiveCfg = Debug|Any CPU
		{5924518F-BDCD-4A9B-8279-B901F8348420}.Debug|Any CPU.Build.0 = Debug|Any CPU
		{5924518F-BDCD-4A9B-8279-B901F8348420}.Release|Any CPU.ActiveCfg = Release|Any CPU
		{5924518F-BDCD-4A9B-8279-B901F8348420}.Release|Any CPU.Build.0 = Release|Any CPU
	EndGlobalSection
	GlobalSection(SolutionProperties) = preSolution
		HideSolutionNode = FALSE
	EndGlobalSection
	GlobalSection(ExtensibilityGlobals) = postSolution
		SolutionGuid = {A8B30690-50C9-4823-A3CF-F0D573F2C6B2}
	EndGlobalSection
EndGlobal
